
Microsoft Visual Studio Solution File, Format Version 12.00
# Visual Studio 15
VisualStudioVersion = 15.0.26730.10
MinimumVisualStudioVersion = 10.0.40219.1
Project("{8BC9CEB8-8B4A-11D0-8D11-00A0C91BC942}") = "Components", "..\Materials\Units\Components\Components.vcxproj", "{3300BF38-FA30-4297-BCB9-5C6F3047AA83}"
	ProjectSection(ProjectDependencies) = postProject
		{62E1B773-7E0F-4A00-9B6F-BCDD70FC4873} = {62E1B773-7E0F-4A00-9B6F-BCDD70FC4873}
		{03805180-A1FD-42FB-94FC-C29A77CD0A13} = {03805180-A1FD-42FB-94FC-C29A77CD0A13}
		{1D5B57AE-25F1-4725-96AE-0101E2E96190} = {1D5B57AE-25F1-4725-96AE-0101E2E96190}
	EndProjectSection
EndProject
Project("{8BC9CEB8-8B4A-11D0-8D11-00A0C91BC942}") = "Editor", "..\Materials\Units\Editor\Editor.vcxproj", "{9696B190-8A31-45BA-A43E-0287102EF438}"
	ProjectSection(ProjectDependencies) = postProject
		{1BAFC61D-3EFA-46F5-B9E4-39C5F20C6B04} = {1BAFC61D-3EFA-46F5-B9E4-39C5F20C6B04}
		{3300BF38-FA30-4297-BCB9-5C6F3047AA83} = {3300BF38-FA30-4297-BCB9-5C6F3047AA83}
		{CFEA0A3D-7026-41D3-8395-EB707393DE8E} = {CFEA0A3D-7026-41D3-8395-EB707393DE8E}
		{62E1B773-7E0F-4A00-9B6F-BCDD70FC4873} = {62E1B773-7E0F-4A00-9B6F-BCDD70FC4873}
		{03805180-A1FD-42FB-94FC-C29A77CD0A13} = {03805180-A1FD-42FB-94FC-C29A77CD0A13}
		{FC3734AD-5124-46AF-9BFB-BB071D8D74E4} = {FC3734AD-5124-46AF-9BFB-BB071D8D74E4}
	EndProjectSection
EndProject
Project("{8BC9CEB8-8B4A-11D0-8D11-00A0C91BC942}") = "FileIO", "..\Materials\Units\FileIO\FileIO.vcxproj", "{FC3734AD-5124-46AF-9BFB-BB071D8D74E4}"
	ProjectSection(ProjectDependencies) = postProject
		{3300BF38-FA30-4297-BCB9-5C6F3047AA83} = {3300BF38-FA30-4297-BCB9-5C6F3047AA83}
		{CFEA0A3D-7026-41D3-8395-EB707393DE8E} = {CFEA0A3D-7026-41D3-8395-EB707393DE8E}
		{1D5B57AE-25F1-4725-96AE-0101E2E96190} = {1D5B57AE-25F1-4725-96AE-0101E2E96190}
	EndProjectSection
EndProject
Project("{8BC9CEB8-8B4A-11D0-8D11-00A0C91BC942}") = "MonkeyEngine", "..\Materials\Units\MonkeyEngine\MonkeyEngine.vcxproj", "{1BAFC61D-3EFA-46F5-B9E4-39C5F20C6B04}"
	ProjectSection(ProjectDependencies) = postProject
		{3300BF38-FA30-4297-BCB9-5C6F3047AA83} = {3300BF38-FA30-4297-BCB9-5C6F3047AA83}
		{CFEA0A3D-7026-41D3-8395-EB707393DE8E} = {CFEA0A3D-7026-41D3-8395-EB707393DE8E}
		{03805180-A1FD-42FB-94FC-C29A77CD0A13} = {03805180-A1FD-42FB-94FC-C29A77CD0A13}
		{FC3734AD-5124-46AF-9BFB-BB071D8D74E4} = {FC3734AD-5124-46AF-9BFB-BB071D8D74E4}
		{1D5B57AE-25F1-4725-96AE-0101E2E96190} = {1D5B57AE-25F1-4725-96AE-0101E2E96190}
	EndProjectSection
EndProject
Project("{8BC9CEB8-8B4A-11D0-8D11-00A0C91BC942}") = "Renderer", "..\Materials\Units\Renderer\Renderer.vcxproj", "{CFEA0A3D-7026-41D3-8395-EB707393DE8E}"
	ProjectSection(ProjectDependencies) = postProject
		{3300BF38-FA30-4297-BCB9-5C6F3047AA83} = {3300BF38-FA30-4297-BCB9-5C6F3047AA83}
		{62E1B773-7E0F-4A00-9B6F-BCDD70FC4873} = {62E1B773-7E0F-4A00-9B6F-BCDD70FC4873}
		{03805180-A1FD-42FB-94FC-C29A77CD0A13} = {03805180-A1FD-42FB-94FC-C29A77CD0A13}
		{1D5B57AE-25F1-4725-96AE-0101E2E96190} = {1D5B57AE-25F1-4725-96AE-0101E2E96190}
	EndProjectSection
EndProject
Project("{8BC9CEB8-8B4A-11D0-8D11-00A0C91BC942}") = "Utilities", "..\Materials\Units\Utilities\Utilities.vcxproj", "{03805180-A1FD-42FB-94FC-C29A77CD0A13}"
	ProjectSection(ProjectDependencies) = postProject
		{ED311C91-7FA8-4CC5-81C9-ACB909595B2E} = {ED311C91-7FA8-4CC5-81C9-ACB909595B2E}
	EndProjectSection
EndProject
Project("{8BC9CEB8-8B4A-11D0-8D11-00A0C91BC942}") = "RenderTools", "..\Materials\Units\RenderTools\RenderTools.vcxproj", "{62E1B773-7E0F-4A00-9B6F-BCDD70FC4873}"
	ProjectSection(ProjectDependencies) = postProject
		{03805180-A1FD-42FB-94FC-C29A77CD0A13} = {03805180-A1FD-42FB-94FC-C29A77CD0A13}
		{1D5B57AE-25F1-4725-96AE-0101E2E96190} = {1D5B57AE-25F1-4725-96AE-0101E2E96190}
	EndProjectSection
EndProject
Project("{8BC9CEB8-8B4A-11D0-8D11-00A0C91BC942}") = "Math", "..\Materials\Units\Math\Math.vcxproj", "{ED311C91-7FA8-4CC5-81C9-ACB909595B2E}"
EndProject
Project("{8BC9CEB8-8B4A-11D0-8D11-00A0C91BC942}") = "MemoryManager", "..\Materials\Units\MemoryManager\MemoryManager.vcxproj", "{7DA757F1-0F0E-425D-917E-D8D743E944C9}"
EndProject
Project("{8BC9CEB8-8B4A-11D0-8D11-00A0C91BC942}") = "MemoryOverloads", "..\Materials\Units\MemoryOverloads\MemoryOverloads.vcxproj", "{1D5B57AE-25F1-4725-96AE-0101E2E96190}"
	ProjectSection(ProjectDependencies) = postProject
		{7DA757F1-0F0E-425D-917E-D8D743E944C9} = {7DA757F1-0F0E-425D-917E-D8D743E944C9}
	EndProjectSection
EndProject
Global
	GlobalSection(SolutionConfigurationPlatforms) = preSolution
		Debug|Win32 = Debug|Win32
		Debug|x64 = Debug|x64
		Release|Win32 = Release|Win32
		Release|x64 = Release|x64
	EndGlobalSection
	GlobalSection(ProjectConfigurationPlatforms) = postSolution
		{3300BF38-FA30-4297-BCB9-5C6F3047AA83}.Debug|Win32.ActiveCfg = Debug|Win32
		{3300BF38-FA30-4297-BCB9-5C6F3047AA83}.Debug|Win32.Build.0 = Debug|Win32
		{3300BF38-FA30-4297-BCB9-5C6F3047AA83}.Debug|x64.ActiveCfg = Debug|x64
		{3300BF38-FA30-4297-BCB9-5C6F3047AA83}.Debug|x64.Build.0 = Debug|x64
		{3300BF38-FA30-4297-BCB9-5C6F3047AA83}.Release|Win32.ActiveCfg = Release|Win32
		{3300BF38-FA30-4297-BCB9-5C6F3047AA83}.Release|Win32.Build.0 = Release|Win32
		{3300BF38-FA30-4297-BCB9-5C6F3047AA83}.Release|x64.ActiveCfg = Release|x64
		{3300BF38-FA30-4297-BCB9-5C6F3047AA83}.Release|x64.Build.0 = Release|x64
		{9696B190-8A31-45BA-A43E-0287102EF438}.Debug|Win32.ActiveCfg = Debug|Win32
		{9696B190-8A31-45BA-A43E-0287102EF438}.Debug|Win32.Build.0 = Debug|Win32
		{9696B190-8A31-45BA-A43E-0287102EF438}.Debug|x64.ActiveCfg = Debug|x64
		{9696B190-8A31-45BA-A43E-0287102EF438}.Debug|x64.Build.0 = Debug|x64
		{9696B190-8A31-45BA-A43E-0287102EF438}.Release|Win32.ActiveCfg = Release|Win32
		{9696B190-8A31-45BA-A43E-0287102EF438}.Release|Win32.Build.0 = Release|Win32
		{9696B190-8A31-45BA-A43E-0287102EF438}.Release|x64.ActiveCfg = Release|x64
		{9696B190-8A31-45BA-A43E-0287102EF438}.Release|x64.Build.0 = Release|x64
		{FC3734AD-5124-46AF-9BFB-BB071D8D74E4}.Debug|Win32.ActiveCfg = Debug|Win32
		{FC3734AD-5124-46AF-9BFB-BB071D8D74E4}.Debug|Win32.Build.0 = Debug|Win32
		{FC3734AD-5124-46AF-9BFB-BB071D8D74E4}.Debug|x64.ActiveCfg = Debug|x64
		{FC3734AD-5124-46AF-9BFB-BB071D8D74E4}.Debug|x64.Build.0 = Debug|x64
		{FC3734AD-5124-46AF-9BFB-BB071D8D74E4}.Release|Win32.ActiveCfg = Release|Win32
		{FC3734AD-5124-46AF-9BFB-BB071D8D74E4}.Release|Win32.Build.0 = Release|Win32
		{FC3734AD-5124-46AF-9BFB-BB071D8D74E4}.Release|x64.ActiveCfg = Release|x64
		{FC3734AD-5124-46AF-9BFB-BB071D8D74E4}.Release|x64.Build.0 = Release|x64
		{1BAFC61D-3EFA-46F5-B9E4-39C5F20C6B04}.Debug|Win32.ActiveCfg = Debug|Win32
		{1BAFC61D-3EFA-46F5-B9E4-39C5F20C6B04}.Debug|Win32.Build.0 = Debug|Win32
		{1BAFC61D-3EFA-46F5-B9E4-39C5F20C6B04}.Debug|x64.ActiveCfg = Debug|x64
		{1BAFC61D-3EFA-46F5-B9E4-39C5F20C6B04}.Debug|x64.Build.0 = Debug|x64
		{1BAFC61D-3EFA-46F5-B9E4-39C5F20C6B04}.Release|Win32.ActiveCfg = Release|Win32
		{1BAFC61D-3EFA-46F5-B9E4-39C5F20C6B04}.Release|Win32.Build.0 = Release|Win32
		{1BAFC61D-3EFA-46F5-B9E4-39C5F20C6B04}.Release|x64.ActiveCfg = Release|x64
		{1BAFC61D-3EFA-46F5-B9E4-39C5F20C6B04}.Release|x64.Build.0 = Release|x64
		{CFEA0A3D-7026-41D3-8395-EB707393DE8E}.Debug|Win32.ActiveCfg = Debug|Win32
		{CFEA0A3D-7026-41D3-8395-EB707393DE8E}.Debug|Win32.Build.0 = Debug|Win32
		{CFEA0A3D-7026-41D3-8395-EB707393DE8E}.Debug|x64.ActiveCfg = Debug|x64
		{CFEA0A3D-7026-41D3-8395-EB707393DE8E}.Debug|x64.Build.0 = Debug|x64
		{CFEA0A3D-7026-41D3-8395-EB707393DE8E}.Release|Win32.ActiveCfg = Release|Win32
		{CFEA0A3D-7026-41D3-8395-EB707393DE8E}.Release|Win32.Build.0 = Release|Win32
		{CFEA0A3D-7026-41D3-8395-EB707393DE8E}.Release|x64.ActiveCfg = Release|x64
		{CFEA0A3D-7026-41D3-8395-EB707393DE8E}.Release|x64.Build.0 = Release|x64
		{03805180-A1FD-42FB-94FC-C29A77CD0A13}.Debug|Win32.ActiveCfg = Debug|Win32
		{03805180-A1FD-42FB-94FC-C29A77CD0A13}.Debug|Win32.Build.0 = Debug|Win32
		{03805180-A1FD-42FB-94FC-C29A77CD0A13}.Debug|x64.ActiveCfg = Debug|x64
		{03805180-A1FD-42FB-94FC-C29A77CD0A13}.Debug|x64.Build.0 = Debug|x64
		{03805180-A1FD-42FB-94FC-C29A77CD0A13}.Release|Win32.ActiveCfg = Release|Win32
		{03805180-A1FD-42FB-94FC-C29A77CD0A13}.Release|Win32.Build.0 = Release|Win32
		{03805180-A1FD-42FB-94FC-C29A77CD0A13}.Release|x64.ActiveCfg = Release|x64
		{03805180-A1FD-42FB-94FC-C29A77CD0A13}.Release|x64.Build.0 = Release|x64
		{62E1B773-7E0F-4A00-9B6F-BCDD70FC4873}.Debug|Win32.ActiveCfg = Debug|Win32
		{62E1B773-7E0F-4A00-9B6F-BCDD70FC4873}.Debug|Win32.Build.0 = Debug|Win32
		{62E1B773-7E0F-4A00-9B6F-BCDD70FC4873}.Debug|x64.ActiveCfg = Debug|x64
		{62E1B773-7E0F-4A00-9B6F-BCDD70FC4873}.Debug|x64.Build.0 = Debug|x64
		{62E1B773-7E0F-4A00-9B6F-BCDD70FC4873}.Release|Win32.ActiveCfg = Release|Win32
		{62E1B773-7E0F-4A00-9B6F-BCDD70FC4873}.Release|Win32.Build.0 = Release|Win32
		{62E1B773-7E0F-4A00-9B6F-BCDD70FC4873}.Release|x64.ActiveCfg = Release|x64
		{62E1B773-7E0F-4A00-9B6F-BCDD70FC4873}.Release|x64.Build.0 = Release|x64
		{ED311C91-7FA8-4CC5-81C9-ACB909595B2E}.Debug|Win32.ActiveCfg = Debug|Win32
		{ED311C91-7FA8-4CC5-81C9-ACB909595B2E}.Debug|Win32.Build.0 = Debug|Win32
		{ED311C91-7FA8-4CC5-81C9-ACB909595B2E}.Debug|x64.ActiveCfg = Debug|x64
		{ED311C91-7FA8-4CC5-81C9-ACB909595B2E}.Debug|x64.Build.0 = Debug|x64
		{ED311C91-7FA8-4CC5-81C9-ACB909595B2E}.Release|Win32.ActiveCfg = Release|Win32
		{ED311C91-7FA8-4CC5-81C9-ACB909595B2E}.Release|Win32.Build.0 = Release|Win32
		{ED311C91-7FA8-4CC5-81C9-ACB909595B2E}.Release|x64.ActiveCfg = Release|x64
		{ED311C91-7FA8-4CC5-81C9-ACB909595B2E}.Release|x64.Build.0 = Release|x64
		{7DA757F1-0F0E-425D-917E-D8D743E944C9}.Debug|Win32.ActiveCfg = Debug|Win32
		{7DA757F1-0F0E-425D-917E-D8D743E944C9}.Debug|Win32.Build.0 = Debug|Win32
		{7DA757F1-0F0E-425D-917E-D8D743E944C9}.Debug|x64.ActiveCfg = Debug|x64
		{7DA757F1-0F0E-425D-917E-D8D743E944C9}.Debug|x64.Build.0 = Debug|x64
		{7DA757F1-0F0E-425D-917E-D8D743E944C9}.Release|Win32.ActiveCfg = Release|Win32
		{7DA757F1-0F0E-425D-917E-D8D743E944C9}.Release|Win32.Build.0 = Release|Win32
		{7DA757F1-0F0E-425D-917E-D8D743E944C9}.Release|x64.ActiveCfg = Release|x64
		{7DA757F1-0F0E-425D-917E-D8D743E944C9}.Release|x64.Build.0 = Release|x64
		{1D5B57AE-25F1-4725-96AE-0101E2E96190}.Debug|Win32.ActiveCfg = Debug|Win32
		{1D5B57AE-25F1-4725-96AE-0101E2E96190}.Debug|Win32.Build.0 = Debug|Win32
		{1D5B57AE-25F1-4725-96AE-0101E2E96190}.Debug|x64.ActiveCfg = Debug|x64
		{1D5B57AE-25F1-4725-96AE-0101E2E96190}.Debug|x64.Build.0 = Debug|x64
		{1D5B57AE-25F1-4725-96AE-0101E2E96190}.Release|Win32.ActiveCfg = Release|Win32
		{1D5B57AE-25F1-4725-96AE-0101E2E96190}.Release|Win32.Build.0 = Release|Win32
		{1D5B57AE-25F1-4725-96AE-0101E2E96190}.Release|x64.ActiveCfg = Release|x64
		{1D5B57AE-25F1-4725-96AE-0101E2E96190}.Release|x64.Build.0 = Release|x64
	EndGlobalSection
	GlobalSection(SolutionProperties) = preSolution
		HideSolutionNode = FALSE
	EndGlobalSection
	GlobalSection(ExtensibilityGlobals) = postSolution
		SolutionGuid = {2779999F-60EF-4416-9A89-9E91559CB162}
	EndGlobalSection
EndGlobal
