<?xml version="1.0" encoding="utf-8"?>
<Project ToolsVersion="4.0" xmlns="http://schemas.microsoft.com/developer/msbuild/2003">
  <ItemGroup>
    <Filter Include="Engine Base">
      <UniqueIdentifier>{eeece361-d7fb-4a57-bc4f-27168e0c0bc7}</UniqueIdentifier>
    </Filter>
    <Filter Include="Renderer">
      <UniqueIdentifier>{a9b2c7e6-0a53-48a2-915b-f0c24d3297fc}</UniqueIdentifier>
    </Filter>
    <Filter Include="GameObejct">
      <UniqueIdentifier>{fb6176a6-1fe7-4443-b75f-a3d15f6c3471}</UniqueIdentifier>
    </Filter>
    <Filter Include="Components">
      <UniqueIdentifier>{fb446b08-b080-4a09-bc18-ab147576b2f3}</UniqueIdentifier>
    </Filter>
    <Filter Include="Engine Base\GameEngine">
      <UniqueIdentifier>{6562271c-6616-4ecc-b4ec-ac0e6b03453d}</UniqueIdentifier>
    </Filter>
    <Filter Include="Object">
      <UniqueIdentifier>{8f266d68-f3a6-4153-9f2c-f340d758df3c}</UniqueIdentifier>
    </Filter>
    <Filter Include="Components\Base">
      <UniqueIdentifier>{463a36fc-8b03-488f-8406-4c370e0ef2bb}</UniqueIdentifier>
    </Filter>
    <Filter Include="Engine Base\Scene">
      <UniqueIdentifier>{a211ba53-d9cd-4fbd-81b9-94d2590cec2f}</UniqueIdentifier>
    </Filter>
    <Filter Include="Renderer\Managers">
      <UniqueIdentifier>{f0a63ffd-5bf7-4e17-bafb-ef7345bc1f82}</UniqueIdentifier>
    </Filter>
    <Filter Include="Renderer\RenderSet">
      <UniqueIdentifier>{645cff8d-a4b3-45c6-86fa-edb424f90dda}</UniqueIdentifier>
    </Filter>
    <Filter Include="Libraries">
      <UniqueIdentifier>{729a2b61-168f-4b18-95b2-5518ae8e43d5}</UniqueIdentifier>
    </Filter>
    <Filter Include="Libraries\Collision">
      <UniqueIdentifier>{119d878e-6d13-4fea-a1f0-6016f3a3f919}</UniqueIdentifier>
    </Filter>
    <Filter Include="Libraries\Physics">
      <UniqueIdentifier>{e8364492-b53b-47fb-af60-79f3220e8cdd}</UniqueIdentifier>
    </Filter>
    <Filter Include="Libraries\Math">
      <UniqueIdentifier>{003a7617-c84a-4d6f-9fa8-f5e32a262745}</UniqueIdentifier>
    </Filter>
    <Filter Include="Utils">
      <UniqueIdentifier>{46a35eb8-6875-4eaa-b27a-0e570e23b9f5}</UniqueIdentifier>
    </Filter>
    <Filter Include="Renderer\Containers">
      <UniqueIdentifier>{54157760-a770-4f3b-808e-e4d6b20b943d}</UniqueIdentifier>
    </Filter>
    <Filter Include="Renderer\ShaderBuffers">
      <UniqueIdentifier>{b26e5c2c-03f5-49b3-887e-9b2418528dac}</UniqueIdentifier>
    </Filter>
    <Filter Include="Components\Effector2D">
      <UniqueIdentifier>{badd6153-b843-4a5e-b8eb-e401835fdba9}</UniqueIdentifier>
    </Filter>
    <Filter Include="Components\Joint">
      <UniqueIdentifier>{96633c92-1ddd-48f2-8b2c-fb1b55796aaa}</UniqueIdentifier>
    </Filter>
    <Filter Include="Components\Joint2D">
      <UniqueIdentifier>{ea503e08-3150-4660-b3cb-af705ca68bfd}</UniqueIdentifier>
    </Filter>
    <Filter Include="Components\PhysicsUpdateBehaviour2D">
      <UniqueIdentifier>{a6432d38-90a0-4f64-b2e9-cf9e3e92c354}</UniqueIdentifier>
    </Filter>
    <Filter Include="Components\Behaviour">
      <UniqueIdentifier>{b607b80f-8970-47c2-a80e-8d10c426b29f}</UniqueIdentifier>
    </Filter>
    <Filter Include="Components\GUI">
      <UniqueIdentifier>{878be5e8-0465-4677-9bee-0cfe27071f80}</UniqueIdentifier>
    </Filter>
    <Filter Include="Components\Collider2D">
      <UniqueIdentifier>{8f96c7cb-b855-4bd1-96ac-0b6fa048384c}</UniqueIdentifier>
    </Filter>
    <Filter Include="Components\Transform">
      <UniqueIdentifier>{8d226e16-f043-4214-9bf4-259bc56e9b16}</UniqueIdentifier>
    </Filter>
    <Filter Include="Components\Renderer">
      <UniqueIdentifier>{c5b17275-60a5-48e5-99b6-537c93e81c7b}</UniqueIdentifier>
    </Filter>
    <Filter Include="Components\Misc">
      <UniqueIdentifier>{e527231f-5d33-464d-9fac-445f8ce044ba}</UniqueIdentifier>
    </Filter>
    <Filter Include="Components\Collider">
      <UniqueIdentifier>{3262ae65-19c2-4d3e-bae1-4fbf2bd5c109}</UniqueIdentifier>
    </Filter>
    <Filter Include="Renderer\Shaders">
      <UniqueIdentifier>{1fb39151-8c77-4645-8c98-795c2ff204b2}</UniqueIdentifier>
    </Filter>
    <Filter Include="Renderer\TextureLoaders">
      <UniqueIdentifier>{6fa9192e-6f1b-4de6-a287-8089bf9690d0}</UniqueIdentifier>
    </Filter>
    <Filter Include="Renderer\Shaders\VS">
      <UniqueIdentifier>{21af9121-5b73-4559-881f-52cee5091843}</UniqueIdentifier>
    </Filter>
    <Filter Include="Renderer\Shaders\PS">
      <UniqueIdentifier>{e6bf7937-7bdb-4b00-b6cb-902f75f61950}</UniqueIdentifier>
    </Filter>
    <Filter Include="Renderer\TextureLoaders\Helpers">
      <UniqueIdentifier>{2fbe467a-7916-48e9-9c37-a95ea0a2c6b6}</UniqueIdentifier>
    </Filter>
    <Filter Include="Renderer\DebugCamera">
      <UniqueIdentifier>{97631e65-e7b0-4874-bf3e-294aef2e7114}</UniqueIdentifier>
    </Filter>
    <Filter Include="Renderer\Animation">
      <UniqueIdentifier>{8cf2e321-63f2-452b-bba5-7468c45d2dc2}</UniqueIdentifier>
    </Filter>
    <Filter Include="Engine Base\Settings">
      <UniqueIdentifier>{70acfa4e-9a34-4a25-8c4a-ce6ab97be326}</UniqueIdentifier>
    </Filter>
  </ItemGroup>
  <ItemGroup>
    <ClCompile Include="Engine Base\Game Engine\MountainDew.cpp">
      <Filter>Engine Base\GameEngine</Filter>
    </ClCompile>
    <ClCompile Include="GameObject\GameObject.cpp">
      <Filter>GameObejct</Filter>
    </ClCompile>
    <ClCompile Include="Object\Object.cpp">
      <Filter>Object</Filter>
    </ClCompile>
    <ClCompile Include="Components\Base\Component.cpp">
      <Filter>Components\Base</Filter>
    </ClCompile>
    <ClCompile Include="Engine Base\Scene\Scene.cpp">
      <Filter>Engine Base\Scene</Filter>
    </ClCompile>
    <ClCompile Include="Renderer\Managers\ShaderManager.cpp">
      <Filter>Renderer\Managers</Filter>
    </ClCompile>
    <ClCompile Include="Renderer\Managers\InputLayoutManager.cpp">
      <Filter>Renderer\Managers</Filter>
    </ClCompile>
    <ClCompile Include="Renderer\Managers\VertexBufferManager.cpp">
      <Filter>Renderer\Managers</Filter>
    </ClCompile>
    <ClCompile Include="Renderer\Managers\ConstantBufferManager.cpp">
      <Filter>Renderer\Managers</Filter>
    </ClCompile>
    <ClCompile Include="Renderer\RenderSet\RenderNode.cpp">
      <Filter>Renderer\RenderSet</Filter>
    </ClCompile>
    <ClCompile Include="Renderer\RenderSet\RenderSet.cpp">
      <Filter>Renderer\RenderSet</Filter>
    </ClCompile>
    <ClCompile Include="Renderer\Renderer.cpp">
      <Filter>Renderer</Filter>
    </ClCompile>
    <ClCompile Include="Renderer\RenderSet\RenderTexture.cpp">
      <Filter>Renderer\RenderSet</Filter>
    </ClCompile>
    <ClCompile Include="Libraries\Math\Float3.cpp">
      <Filter>Libraries\Math</Filter>
    </ClCompile>
    <ClCompile Include="Libraries\Math\Float4.cpp">
      <Filter>Libraries\Math</Filter>
    </ClCompile>
    <ClCompile Include="Libraries\Math\Float4X4.cpp">
      <Filter>Libraries\Math</Filter>
    </ClCompile>
    <ClCompile Include="Libraries\Math\Quaternian.cpp">
      <Filter>Libraries\Math</Filter>
    </ClCompile>
    <ClCompile Include="Libraries\Math\MathLibrary.cpp">
      <Filter>Libraries\Math</Filter>
    </ClCompile>
    <ClCompile Include="Renderer\RenderSet\RenderContext.cpp">
      <Filter>Renderer\RenderSet</Filter>
    </ClCompile>
    <ClCompile Include="Renderer\Containers\IndexBuffer.cpp">
      <Filter>Renderer\Containers</Filter>
    </ClCompile>
    <ClCompile Include="Renderer\RenderSet\RenderMesh.cpp">
      <Filter>Renderer\RenderSet</Filter>
    </ClCompile>
    <ClCompile Include="Renderer\Managers\BlendStateManager.cpp">
      <Filter>Renderer\Managers</Filter>
    </ClCompile>
    <ClCompile Include="Renderer\Managers\DepthStencilStateManager.cpp">
      <Filter>Renderer\Managers</Filter>
    </ClCompile>
    <ClCompile Include="Renderer\Managers\RasterizerStateManager.cpp">
      <Filter>Renderer\Managers</Filter>
    </ClCompile>
    <ClCompile Include="Components\Behaviour\Animation.cpp">
      <Filter>Components\Behaviour</Filter>
    </ClCompile>
    <ClCompile Include="Components\Behaviour\Animator.cpp">
      <Filter>Components\Behaviour</Filter>
    </ClCompile>
    <ClCompile Include="Components\Behaviour\AudioChorusFilter.cpp">
      <Filter>Components\Behaviour</Filter>
    </ClCompile>
    <ClCompile Include="Components\Behaviour\AudioDistortionFilter.cpp">
      <Filter>Components\Behaviour</Filter>
    </ClCompile>
    <ClCompile Include="Components\Behaviour\AudioEchoFilter.cpp">
      <Filter>Components\Behaviour</Filter>
    </ClCompile>
    <ClCompile Include="Components\Behaviour\AudioHighPassFilter.cpp">
      <Filter>Components\Behaviour</Filter>
    </ClCompile>
    <ClCompile Include="Components\Behaviour\AudioListener.cpp">
      <Filter>Components\Behaviour</Filter>
    </ClCompile>
    <ClCompile Include="Components\Behaviour\AudioLowPassFilter.cpp">
      <Filter>Components\Behaviour</Filter>
    </ClCompile>
    <ClCompile Include="Components\Behaviour\AudioReverbFilter.cpp">
      <Filter>Components\Behaviour</Filter>
    </ClCompile>
    <ClCompile Include="Components\Behaviour\AudioReverbZone.cpp">
      <Filter>Components\Behaviour</Filter>
    </ClCompile>
    <ClCompile Include="Components\Behaviour\AudioSource.cpp">
      <Filter>Components\Behaviour</Filter>
    </ClCompile>
    <ClCompile Include="Components\Behaviour\Behaviour.cpp">
      <Filter>Components\Behaviour</Filter>
    </ClCompile>
    <ClCompile Include="Components\Behaviour\Camera.cpp">
      <Filter>Components\Behaviour</Filter>
    </ClCompile>
    <ClCompile Include="Components\Behaviour\Canvas.cpp">
      <Filter>Components\Behaviour</Filter>
    </ClCompile>
    <ClCompile Include="Components\Behaviour\ConstantForce.cpp">
      <Filter>Components\Behaviour</Filter>
    </ClCompile>
    <ClCompile Include="Components\Behaviour\FlareLayer.cpp">
      <Filter>Components\Behaviour</Filter>
    </ClCompile>
    <ClCompile Include="Components\Behaviour\Light.cpp">
      <Filter>Components\Behaviour</Filter>
    </ClCompile>
    <ClCompile Include="Components\Behaviour\LightProbeGroup.cpp">
      <Filter>Components\Behaviour</Filter>
    </ClCompile>
    <ClCompile Include="Components\Behaviour\LightProbeProxyVolume.cpp">
      <Filter>Components\Behaviour</Filter>
    </ClCompile>
    <ClCompile Include="Components\Behaviour\NavMeshAgent.cpp">
      <Filter>Components\Behaviour</Filter>
    </ClCompile>
    <ClCompile Include="Components\Behaviour\NavMeshObstacle.cpp">
      <Filter>Components\Behaviour</Filter>
    </ClCompile>
    <ClCompile Include="Components\Behaviour\NetworkView.cpp">
      <Filter>Components\Behaviour</Filter>
    </ClCompile>
    <ClCompile Include="Components\Behaviour\Projector.cpp">
      <Filter>Components\Behaviour</Filter>
    </ClCompile>
    <ClCompile Include="Components\Behaviour\ReflectionProbe.cpp">
      <Filter>Components\Behaviour</Filter>
    </ClCompile>
    <ClCompile Include="Components\Behaviour\Script.cpp">
      <Filter>Components\Behaviour</Filter>
    </ClCompile>
    <ClCompile Include="Components\Behaviour\Skybox.cpp">
      <Filter>Components\Behaviour</Filter>
    </ClCompile>
    <ClCompile Include="Components\Behaviour\Terrain.cpp">
      <Filter>Components\Behaviour</Filter>
    </ClCompile>
    <ClCompile Include="Components\Collider\BoxCollider.cpp">
      <Filter>Components\Collider</Filter>
    </ClCompile>
    <ClCompile Include="Components\Collider\CapsuleCollider.cpp">
      <Filter>Components\Collider</Filter>
    </ClCompile>
    <ClCompile Include="Components\Collider\Collider.cpp">
      <Filter>Components\Collider</Filter>
    </ClCompile>
    <ClCompile Include="Components\Collider\MeshCollider.cpp">
      <Filter>Components\Collider</Filter>
    </ClCompile>
    <ClCompile Include="Components\Collider\SphereCollider.cpp">
      <Filter>Components\Collider</Filter>
    </ClCompile>
    <ClCompile Include="Components\Collider\TerrainCollider.cpp">
      <Filter>Components\Collider</Filter>
    </ClCompile>
    <ClCompile Include="Components\Collider\WheelCollider.cpp">
      <Filter>Components\Collider</Filter>
    </ClCompile>
    <ClCompile Include="Components\Collider2D\BoxCollider2D.cpp">
      <Filter>Components\Collider2D</Filter>
    </ClCompile>
    <ClCompile Include="Components\Collider2D\CircleCollider2D.cpp">
      <Filter>Components\Collider2D</Filter>
    </ClCompile>
    <ClCompile Include="Components\Collider2D\Collider2D.cpp">
      <Filter>Components\Collider2D</Filter>
    </ClCompile>
    <ClCompile Include="Components\Collider2D\EdgeCollider2D.cpp">
      <Filter>Components\Collider2D</Filter>
    </ClCompile>
    <ClCompile Include="Components\Collider2D\PolygonCollider2D.cpp">
      <Filter>Components\Collider2D</Filter>
    </ClCompile>
    <ClCompile Include="Components\Effector2D\AreaEffector2D.cpp">
      <Filter>Components\Effector2D</Filter>
    </ClCompile>
    <ClCompile Include="Components\Effector2D\BuoyancyEffector2D.cpp">
      <Filter>Components\Effector2D</Filter>
    </ClCompile>
    <ClCompile Include="Components\Effector2D\Effector2D.cpp">
      <Filter>Components\Effector2D</Filter>
    </ClCompile>
    <ClCompile Include="Components\Effector2D\PlatformEffector2D.cpp">
      <Filter>Components\Effector2D</Filter>
    </ClCompile>
    <ClCompile Include="Components\Effector2D\PointEffector2D.cpp">
      <Filter>Components\Effector2D</Filter>
    </ClCompile>
    <ClCompile Include="Components\Effector2D\SurfaceEffector2D.cpp">
      <Filter>Components\Effector2D</Filter>
    </ClCompile>
    <ClCompile Include="Components\GUI\GUIElement.cpp">
      <Filter>Components\GUI</Filter>
    </ClCompile>
    <ClCompile Include="Components\GUI\GUILayer.cpp">
      <Filter>Components\GUI</Filter>
    </ClCompile>
    <ClCompile Include="Components\GUI\GUIText.cpp">
      <Filter>Components\GUI</Filter>
    </ClCompile>
    <ClCompile Include="Components\GUI\GUITexture.cpp">
      <Filter>Components\GUI</Filter>
    </ClCompile>
    <ClCompile Include="Components\Joint\CharacterJoint.cpp">
      <Filter>Components\Joint</Filter>
    </ClCompile>
    <ClCompile Include="Components\Joint\ConfigurableJoint.cpp">
      <Filter>Components\Joint</Filter>
    </ClCompile>
    <ClCompile Include="Components\Joint\FixedJoint.cpp">
      <Filter>Components\Joint</Filter>
    </ClCompile>
    <ClCompile Include="Components\Joint\HingeJoint.cpp">
      <Filter>Components\Joint</Filter>
    </ClCompile>
    <ClCompile Include="Components\Joint\Joint.cpp">
      <Filter>Components\Joint</Filter>
    </ClCompile>
    <ClCompile Include="Components\Joint\SpringJoint.cpp">
      <Filter>Components\Joint</Filter>
    </ClCompile>
    <ClCompile Include="Components\Joint2D\AnchoredJoint2D.cpp">
      <Filter>Components\Joint2D</Filter>
    </ClCompile>
    <ClCompile Include="Components\Joint2D\DistanceJoint2D.cpp">
      <Filter>Components\Joint2D</Filter>
    </ClCompile>
    <ClCompile Include="Components\Joint2D\FixedJoint2D.cpp">
      <Filter>Components\Joint2D</Filter>
    </ClCompile>
    <ClCompile Include="Components\Joint2D\FrictionJoint2D.cpp">
      <Filter>Components\Joint2D</Filter>
    </ClCompile>
    <ClCompile Include="Components\Joint2D\HingeJoint2D.cpp">
      <Filter>Components\Joint2D</Filter>
    </ClCompile>
    <ClCompile Include="Components\Joint2D\Joint2D.cpp">
      <Filter>Components\Joint2D</Filter>
    </ClCompile>
    <ClCompile Include="Components\Joint2D\RelativeJoint2D.cpp">
      <Filter>Components\Joint2D</Filter>
    </ClCompile>
    <ClCompile Include="Components\Joint2D\SliderJoint2D.cpp">
      <Filter>Components\Joint2D</Filter>
    </ClCompile>
    <ClCompile Include="Components\Joint2D\SpringJoint2D.cpp">
      <Filter>Components\Joint2D</Filter>
    </ClCompile>
    <ClCompile Include="Components\Joint2D\TargetJoint2D.cpp">
      <Filter>Components\Joint2D</Filter>
    </ClCompile>
    <ClCompile Include="Components\Joint2D\WheelJoint2D.cpp">
      <Filter>Components\Joint2D</Filter>
    </ClCompile>
    <ClCompile Include="Components\Misc\CanvasGroup.cpp">
      <Filter>Components\Misc</Filter>
    </ClCompile>
    <ClCompile Include="Components\Misc\CanvasRenderer.cpp">
      <Filter>Components\Misc</Filter>
    </ClCompile>
    <ClCompile Include="Components\Misc\Cloth.cpp">
      <Filter>Components\Misc</Filter>
    </ClCompile>
    <ClCompile Include="Components\Misc\LODGroup.cpp">
      <Filter>Components\Misc</Filter>
    </ClCompile>
    <ClCompile Include="Components\Misc\OcclusionArea.cpp">
      <Filter>Components\Misc</Filter>
    </ClCompile>
    <ClCompile Include="Components\Misc\OcclusionPortal.cpp">
      <Filter>Components\Misc</Filter>
    </ClCompile>
    <ClCompile Include="Components\Misc\OffMeshLink.cpp">
      <Filter>Components\Misc</Filter>
    </ClCompile>
    <ClCompile Include="Components\Misc\ParticleSystem.cpp">
      <Filter>Components\Misc</Filter>
    </ClCompile>
    <ClCompile Include="Components\Misc\TextMesh.cpp">
      <Filter>Components\Misc</Filter>
    </ClCompile>
    <ClCompile Include="Components\Misc\Tree.cpp">
      <Filter>Components\Misc</Filter>
    </ClCompile>
    <ClCompile Include="Components\PhyscicsUpdateBehaviour2D\ConstantForce2D.cpp">
      <Filter>Components\PhysicsUpdateBehaviour2D</Filter>
    </ClCompile>
    <ClCompile Include="Components\PhyscicsUpdateBehaviour2D\PhysicsUpdateBehaviour2D.cpp">
      <Filter>Components\PhysicsUpdateBehaviour2D</Filter>
    </ClCompile>
    <ClCompile Include="Components\Renderer\LineRenderer.cpp">
      <Filter>Components\Renderer</Filter>
    </ClCompile>
    <ClCompile Include="Components\Renderer\MeshRenderer.cpp">
      <Filter>Components\Renderer</Filter>
    </ClCompile>
    <ClCompile Include="Components\Renderer\ParticleSystemRenderer.cpp">
      <Filter>Components\Renderer</Filter>
    </ClCompile>
    <ClCompile Include="Components\Renderer\SkinnedMeshRenderer.cpp">
      <Filter>Components\Renderer</Filter>
    </ClCompile>
    <ClCompile Include="Components\Renderer\SpriteRenderer.cpp">
      <Filter>Components\Renderer</Filter>
    </ClCompile>
    <ClCompile Include="Components\Renderer\TrailRenderer.cpp">
      <Filter>Components\Renderer</Filter>
    </ClCompile>
    <ClCompile Include="Components\Transform\RectTransform.cpp">
      <Filter>Components\Transform</Filter>
    </ClCompile>
    <ClCompile Include="Components\Transform\Transform.cpp">
      <Filter>Components\Transform</Filter>
    </ClCompile>
    <ClCompile Include="Components\Renderer\CompRenderer.cpp">
      <Filter>Components\Renderer</Filter>
    </ClCompile>
    <ClCompile Include="Renderer\TextureLoaders\DDSTextureLoader.cpp">
      <Filter>Renderer\TextureLoaders</Filter>
    </ClCompile>
    <ClCompile Include="Renderer\TextureLoaders\WICTextureLoader.cpp">
      <Filter>Renderer\TextureLoaders</Filter>
    </ClCompile>
    <ClCompile Include="Renderer\TextureLoaders\pch.cpp">
      <Filter>Renderer\TextureLoaders\Helpers</Filter>
    </ClCompile>
    <ClCompile Include="Components\Misc\RigidBody.cpp">
      <Filter>Components\Misc</Filter>
    </ClCompile>
    <ClCompile Include="Components\Misc\RigidBody2D.cpp">
      <Filter>Components\Misc</Filter>
    </ClCompile>
    <ClCompile Include="Renderer\DebugCamera\DebugCamera.cpp">
      <Filter>Renderer\DebugCamera</Filter>
    </ClCompile>
    <ClCompile Include="Utils\FileIO.cpp">
      <Filter>Utils</Filter>
    </ClCompile>
    <ClCompile Include="Renderer\Containers\DefferedRenderTarget.cpp">
      <Filter>Renderer\Containers</Filter>
    </ClCompile>
    <ClCompile Include="Utils\MemoryManager.cpp">
      <Filter>Utils</Filter>
    </ClCompile>
    <ClCompile Include="Utils\ComponentObjectFactory.cpp">
      <Filter>Utils</Filter>
    </ClCompile>
    <ClCompile Include="Utils\Time.cpp">
      <Filter>Utils</Filter>
    </ClCompile>
    <ClCompile Include="Libraries\XMLParser\tinyxml2.cpp">
      <Filter>Utils</Filter>
    </ClCompile>
    <ClCompile Include="Renderer\Animation\AnimationManager.cpp">
      <Filter>Renderer\Animation</Filter>
    </ClCompile>
    <ClCompile Include="Renderer\Animation\Blender.cpp">
      <Filter>Renderer\Animation</Filter>
    </ClCompile>
    <ClCompile Include="Renderer\Animation\AnimationGraph.cpp">
      <Filter>Renderer\Animation</Filter>
    </ClCompile>
    <ClCompile Include="Engine Base\Settings\Settings.cpp">
      <Filter>Engine Base\Settings</Filter>
    </ClCompile>
  </ItemGroup>
  <ItemGroup>
    <ClInclude Include="Engine Base\Game Engine\MountainDew.h">
      <Filter>Engine Base\GameEngine</Filter>
    </ClInclude>
    <ClInclude Include="GameObject\GameObject.h">
      <Filter>GameObejct</Filter>
    </ClInclude>
    <ClInclude Include="Object\Object.h">
      <Filter>Object</Filter>
    </ClInclude>
    <ClInclude Include="Components\Base\Component.h">
      <Filter>Components\Base</Filter>
    </ClInclude>
    <ClInclude Include="Engine Base\Scene\Scene.h">
      <Filter>Engine Base\Scene</Filter>
    </ClInclude>
    <ClInclude Include="Renderer\Managers\ShaderManager.h">
      <Filter>Renderer\Managers</Filter>
    </ClInclude>
    <ClInclude Include="Renderer\Managers\InputLayoutManager.h">
      <Filter>Renderer\Managers</Filter>
    </ClInclude>
    <ClInclude Include="Renderer\Managers\VertexBufferManager.h">
      <Filter>Renderer\Managers</Filter>
    </ClInclude>
    <ClInclude Include="Renderer\Managers\ConstantBufferManager.h">
      <Filter>Renderer\Managers</Filter>
    </ClInclude>
    <ClInclude Include="Renderer\RenderSet\RenderSet.h">
      <Filter>Renderer\RenderSet</Filter>
    </ClInclude>
    <ClInclude Include="Renderer\RenderSet\RenderNode.h">
      <Filter>Renderer\RenderSet</Filter>
    </ClInclude>
    <ClInclude Include="Renderer\Renderer.h">
      <Filter>Renderer</Filter>
    </ClInclude>
    <ClInclude Include="Renderer\RenderSet\RenderTexture.h">
      <Filter>Renderer\RenderSet</Filter>
    </ClInclude>
    <ClInclude Include="Libraries\Math\Float3.h">
      <Filter>Libraries\Math</Filter>
    </ClInclude>
    <ClInclude Include="Libraries\Math\Float4.h">
      <Filter>Libraries\Math</Filter>
    </ClInclude>
    <ClInclude Include="Libraries\Math\Float4X4.h">
      <Filter>Libraries\Math</Filter>
    </ClInclude>
    <ClInclude Include="Libraries\Math\Quaternian.h">
      <Filter>Libraries\Math</Filter>
    </ClInclude>
    <ClInclude Include="Libraries\Math\Color.h">
      <Filter>Libraries\Math</Filter>
    </ClInclude>
    <ClInclude Include="Libraries\Math\MathLibrary.h">
      <Filter>Libraries\Math</Filter>
    </ClInclude>
    <ClInclude Include="Renderer\RenderSet\RenderContext.h">
      <Filter>Renderer\RenderSet</Filter>
    </ClInclude>
    <ClInclude Include="Renderer\RenderSet\RenderShape.h">
      <Filter>Renderer\RenderSet</Filter>
    </ClInclude>
    <ClInclude Include="Renderer\Containers\VertexBuffer.h">
      <Filter>Renderer\Containers</Filter>
    </ClInclude>
    <ClInclude Include="Renderer\Containers\ConstantBuffer.h">
      <Filter>Renderer\Containers</Filter>
    </ClInclude>
    <ClInclude Include="Renderer\Containers\IndexBuffer.h">
      <Filter>Renderer\Containers</Filter>
    </ClInclude>
    <ClInclude Include="Renderer\RenderSet\RenderMesh.h">
      <Filter>Renderer\RenderSet</Filter>
    </ClInclude>
    <ClInclude Include="Renderer\Managers\BlendStateManager.h">
      <Filter>Renderer\Managers</Filter>
    </ClInclude>
    <ClInclude Include="Renderer\Managers\DepthStencilStateManager.h">
      <Filter>Renderer\Managers</Filter>
    </ClInclude>
    <ClInclude Include="Renderer\Managers\RasterizerStateManager.h">
      <Filter>Renderer\Managers</Filter>
    </ClInclude>
    <ClInclude Include="Renderer\Containers\VertexBuffer.hpp">
      <Filter>Renderer\Containers</Filter>
    </ClInclude>
    <ClInclude Include="Utils\ReturnValues.h">
      <Filter>Utils</Filter>
    </ClInclude>
    <ClInclude Include="Renderer\ShaderBuffers\ConstantBuffers.h">
      <Filter>Renderer\ShaderBuffers</Filter>
    </ClInclude>
    <ClInclude Include="Renderer\ShaderBuffers\SharedDefines.h">
      <Filter>Renderer\ShaderBuffers</Filter>
    </ClInclude>
    <ClInclude Include="Renderer\ShaderBuffers\LightBuffers.h">
      <Filter>Renderer\ShaderBuffers</Filter>
    </ClInclude>
    <ClInclude Include="Renderer\Containers\ConstantBuffer.hpp">
      <Filter>Renderer\Containers</Filter>
    </ClInclude>
    <ClInclude Include="Components\Behaviour\Animation.h">
      <Filter>Components\Behaviour</Filter>
    </ClInclude>
    <ClInclude Include="Components\Behaviour\Animator.h">
      <Filter>Components\Behaviour</Filter>
    </ClInclude>
    <ClInclude Include="Components\Behaviour\AudioChorusFilter.h">
      <Filter>Components\Behaviour</Filter>
    </ClInclude>
    <ClInclude Include="Components\Behaviour\AudioDistortionFilter.h">
      <Filter>Components\Behaviour</Filter>
    </ClInclude>
    <ClInclude Include="Components\Behaviour\AudioEchoFilter.h">
      <Filter>Components\Behaviour</Filter>
    </ClInclude>
    <ClInclude Include="Components\Behaviour\AudioHighPassFilter.h">
      <Filter>Components\Behaviour</Filter>
    </ClInclude>
    <ClInclude Include="Components\Behaviour\AudioListener.h">
      <Filter>Components\Behaviour</Filter>
    </ClInclude>
    <ClInclude Include="Components\Behaviour\AudioLowPassFilter.h">
      <Filter>Components\Behaviour</Filter>
    </ClInclude>
    <ClInclude Include="Components\Behaviour\AudioReverbFilter.h">
      <Filter>Components\Behaviour</Filter>
    </ClInclude>
    <ClInclude Include="Components\Behaviour\AudioReverbZone.h">
      <Filter>Components\Behaviour</Filter>
    </ClInclude>
    <ClInclude Include="Components\Behaviour\AudioSource.h">
      <Filter>Components\Behaviour</Filter>
    </ClInclude>
    <ClInclude Include="Components\Behaviour\Behaviour.h">
      <Filter>Components\Behaviour</Filter>
    </ClInclude>
    <ClInclude Include="Components\Behaviour\Camera.h">
      <Filter>Components\Behaviour</Filter>
    </ClInclude>
    <ClInclude Include="Components\Behaviour\Canvas.h">
      <Filter>Components\Behaviour</Filter>
    </ClInclude>
    <ClInclude Include="Components\Behaviour\ConstantForce.h">
      <Filter>Components\Behaviour</Filter>
    </ClInclude>
    <ClInclude Include="Components\Behaviour\FlareLayer.h">
      <Filter>Components\Behaviour</Filter>
    </ClInclude>
    <ClInclude Include="Components\Behaviour\Light.h">
      <Filter>Components\Behaviour</Filter>
    </ClInclude>
    <ClInclude Include="Components\Behaviour\LightProbeGroup.h">
      <Filter>Components\Behaviour</Filter>
    </ClInclude>
    <ClInclude Include="Components\Behaviour\LightProbeProxyVolume.h">
      <Filter>Components\Behaviour</Filter>
    </ClInclude>
    <ClInclude Include="Components\Behaviour\NavMeshAgent.h">
      <Filter>Components\Behaviour</Filter>
    </ClInclude>
    <ClInclude Include="Components\Behaviour\NavMeshObstacle.h">
      <Filter>Components\Behaviour</Filter>
    </ClInclude>
    <ClInclude Include="Components\Behaviour\NetworkView.h">
      <Filter>Components\Behaviour</Filter>
    </ClInclude>
    <ClInclude Include="Components\Behaviour\Projector.h">
      <Filter>Components\Behaviour</Filter>
    </ClInclude>
    <ClInclude Include="Components\Behaviour\ReflectionProbe.h">
      <Filter>Components\Behaviour</Filter>
    </ClInclude>
    <ClInclude Include="Components\Behaviour\Script.h">
      <Filter>Components\Behaviour</Filter>
    </ClInclude>
    <ClInclude Include="Components\Behaviour\Skybox.h">
      <Filter>Components\Behaviour</Filter>
    </ClInclude>
    <ClInclude Include="Components\Behaviour\Terrain.h">
      <Filter>Components\Behaviour</Filter>
    </ClInclude>
    <ClInclude Include="Components\Collider\BoxCollider.h">
      <Filter>Components\Collider</Filter>
    </ClInclude>
    <ClInclude Include="Components\Collider\CapsuleCollider.h">
      <Filter>Components\Collider</Filter>
    </ClInclude>
    <ClInclude Include="Components\Collider\Collider.h">
      <Filter>Components\Collider</Filter>
    </ClInclude>
    <ClInclude Include="Components\Collider\MeshCollider.h">
      <Filter>Components\Collider</Filter>
    </ClInclude>
    <ClInclude Include="Components\Collider\SphereCollider.h">
      <Filter>Components\Collider</Filter>
    </ClInclude>
    <ClInclude Include="Components\Collider\TerrainCollider.h">
      <Filter>Components\Collider</Filter>
    </ClInclude>
    <ClInclude Include="Components\Collider\WheelCollider.h">
      <Filter>Components\Collider</Filter>
    </ClInclude>
    <ClInclude Include="Components\Collider2D\BoxCollider2D.h">
      <Filter>Components\Collider2D</Filter>
    </ClInclude>
    <ClInclude Include="Components\Collider2D\CircleCollider2D.h">
      <Filter>Components\Collider2D</Filter>
    </ClInclude>
    <ClInclude Include="Components\Collider2D\Collider2D.h">
      <Filter>Components\Collider2D</Filter>
    </ClInclude>
    <ClInclude Include="Components\Collider2D\EdgeCollider2D.h">
      <Filter>Components\Collider2D</Filter>
    </ClInclude>
    <ClInclude Include="Components\Collider2D\PolygonCollider2D.h">
      <Filter>Components\Collider2D</Filter>
    </ClInclude>
    <ClInclude Include="Components\Effector2D\AreaEffector2D.h">
      <Filter>Components\Effector2D</Filter>
    </ClInclude>
    <ClInclude Include="Components\Effector2D\BuoyancyEffector2D.h">
      <Filter>Components\Effector2D</Filter>
    </ClInclude>
    <ClInclude Include="Components\Effector2D\Effector2D.h">
      <Filter>Components\Effector2D</Filter>
    </ClInclude>
    <ClInclude Include="Components\Effector2D\PlatformEffector2D.h">
      <Filter>Components\Effector2D</Filter>
    </ClInclude>
    <ClInclude Include="Components\Effector2D\PointEffector2D.h">
      <Filter>Components\Effector2D</Filter>
    </ClInclude>
    <ClInclude Include="Components\Effector2D\SurfaceEffector2D.h">
      <Filter>Components\Effector2D</Filter>
    </ClInclude>
    <ClInclude Include="Components\GUI\GUIElement.h">
      <Filter>Components\GUI</Filter>
    </ClInclude>
    <ClInclude Include="Components\GUI\GUILayer.h">
      <Filter>Components\GUI</Filter>
    </ClInclude>
    <ClInclude Include="Components\GUI\GUIText.h">
      <Filter>Components\GUI</Filter>
    </ClInclude>
    <ClInclude Include="Components\GUI\GUITexture.h">
      <Filter>Components\GUI</Filter>
    </ClInclude>
    <ClInclude Include="Components\Joint\CharacterJoint.h">
      <Filter>Components\Joint</Filter>
    </ClInclude>
    <ClInclude Include="Components\Joint\ConfigurableJoint.h">
      <Filter>Components\Joint</Filter>
    </ClInclude>
    <ClInclude Include="Components\Joint\FixedJoint.h">
      <Filter>Components\Joint</Filter>
    </ClInclude>
    <ClInclude Include="Components\Joint\HingeJoint.h">
      <Filter>Components\Joint</Filter>
    </ClInclude>
    <ClInclude Include="Components\Joint\Joint.h">
      <Filter>Components\Joint</Filter>
    </ClInclude>
    <ClInclude Include="Components\Joint\SpringJoint.h">
      <Filter>Components\Joint</Filter>
    </ClInclude>
    <ClInclude Include="Components\Joint2D\AnchoredJoint2D.h">
      <Filter>Components\Joint2D</Filter>
    </ClInclude>
    <ClInclude Include="Components\Joint2D\DistanceJoint2D.h">
      <Filter>Components\Joint2D</Filter>
    </ClInclude>
    <ClInclude Include="Components\Joint2D\FixedJoint2D.h">
      <Filter>Components\Joint2D</Filter>
    </ClInclude>
    <ClInclude Include="Components\Joint2D\FrictionJoint2D.h">
      <Filter>Components\Joint2D</Filter>
    </ClInclude>
    <ClInclude Include="Components\Joint2D\HingeJoint2D.h">
      <Filter>Components\Joint2D</Filter>
    </ClInclude>
    <ClInclude Include="Components\Joint2D\Joint2D.h">
      <Filter>Components\Joint2D</Filter>
    </ClInclude>
    <ClInclude Include="Components\Joint2D\RelativeJoint2D.h">
      <Filter>Components\Joint2D</Filter>
    </ClInclude>
    <ClInclude Include="Components\Joint2D\SliderJoint2D.h">
      <Filter>Components\Joint2D</Filter>
    </ClInclude>
    <ClInclude Include="Components\Joint2D\SpringJoint2D.h">
      <Filter>Components\Joint2D</Filter>
    </ClInclude>
    <ClInclude Include="Components\Joint2D\TargetJoint2D.h">
      <Filter>Components\Joint2D</Filter>
    </ClInclude>
    <ClInclude Include="Components\Joint2D\WheelJoint2D.h">
      <Filter>Components\Joint2D</Filter>
    </ClInclude>
    <ClInclude Include="Components\Misc\CanvasGroup.h">
      <Filter>Components\Misc</Filter>
    </ClInclude>
    <ClInclude Include="Components\Misc\CanvasRenderer.h">
      <Filter>Components\Misc</Filter>
    </ClInclude>
    <ClInclude Include="Components\Misc\Cloth.h">
      <Filter>Components\Misc</Filter>
    </ClInclude>
    <ClInclude Include="Components\Misc\LODGroup.h">
      <Filter>Components\Misc</Filter>
    </ClInclude>
    <ClInclude Include="Components\Misc\OcclusionArea.h">
      <Filter>Components\Misc</Filter>
    </ClInclude>
    <ClInclude Include="Components\Misc\OcclusionPortal.h">
      <Filter>Components\Misc</Filter>
    </ClInclude>
    <ClInclude Include="Components\Misc\OffMeshLink.h">
      <Filter>Components\Misc</Filter>
    </ClInclude>
    <ClInclude Include="Components\Misc\ParticleSystem.h">
      <Filter>Components\Misc</Filter>
    </ClInclude>
    <ClInclude Include="Components\Misc\TextMesh.h">
      <Filter>Components\Misc</Filter>
    </ClInclude>
    <ClInclude Include="Components\Misc\Tree.h">
      <Filter>Components\Misc</Filter>
    </ClInclude>
    <ClInclude Include="Components\PhyscicsUpdateBehaviour2D\ConstantForce2D.h">
      <Filter>Components\PhysicsUpdateBehaviour2D</Filter>
    </ClInclude>
    <ClInclude Include="Components\PhyscicsUpdateBehaviour2D\PhysicsUpdateBehaviour2D.h">
      <Filter>Components\PhysicsUpdateBehaviour2D</Filter>
    </ClInclude>
    <ClInclude Include="Components\Renderer\LineRenderer.h">
      <Filter>Components\Renderer</Filter>
    </ClInclude>
    <ClInclude Include="Components\Renderer\MeshRenderer.h">
      <Filter>Components\Renderer</Filter>
    </ClInclude>
    <ClInclude Include="Components\Renderer\ParticleSystemRenderer.h">
      <Filter>Components\Renderer</Filter>
    </ClInclude>
    <ClInclude Include="Components\Renderer\SkinnedMeshRenderer.h">
      <Filter>Components\Renderer</Filter>
    </ClInclude>
    <ClInclude Include="Components\Renderer\SpriteRenderer.h">
      <Filter>Components\Renderer</Filter>
    </ClInclude>
    <ClInclude Include="Components\Renderer\TrailRenderer.h">
      <Filter>Components\Renderer</Filter>
    </ClInclude>
    <ClInclude Include="Components\Transform\RectTransform.h">
      <Filter>Components\Transform</Filter>
    </ClInclude>
    <ClInclude Include="Components\Transform\Transform.h">
      <Filter>Components\Transform</Filter>
    </ClInclude>
    <ClInclude Include="Components\Renderer\CompRenderer.h">
      <Filter>Components\Renderer</Filter>
    </ClInclude>
    <ClInclude Include="Renderer\TextureLoaders\DDSTextureLoader.h">
      <Filter>Renderer\TextureLoaders</Filter>
    </ClInclude>
    <ClInclude Include="Renderer\TextureLoaders\WICTextureLoader.h">
      <Filter>Renderer\TextureLoaders</Filter>
    </ClInclude>
    <ClInclude Include="Renderer\TextureLoaders\PlatformHelpers.h">
      <Filter>Renderer\TextureLoaders\Helpers</Filter>
    </ClInclude>
    <ClInclude Include="Renderer\TextureLoaders\DirectXHelpers.h">
      <Filter>Renderer\TextureLoaders\Helpers</Filter>
    </ClInclude>
    <ClInclude Include="Renderer\TextureLoaders\LoaderHelpers.h">
      <Filter>Renderer\TextureLoaders\Helpers</Filter>
    </ClInclude>
    <ClInclude Include="Renderer\TextureLoaders\pch.h">
      <Filter>Renderer\TextureLoaders\Helpers</Filter>
    </ClInclude>
    <ClInclude Include="Renderer\TextureLoaders\dds.h">
      <Filter>Renderer\TextureLoaders\Helpers</Filter>
    </ClInclude>
    <ClInclude Include="Components\Misc\RigidBody.h">
      <Filter>Components\Misc</Filter>
    </ClInclude>
    <ClInclude Include="Components\Misc\RigidBody2D.h">
      <Filter>Components\Misc</Filter>
    </ClInclude>
    <ClInclude Include="Renderer\DebugCamera\DebugCamera.h">
      <Filter>Renderer\DebugCamera</Filter>
    </ClInclude>
    <ClInclude Include="Utils\FileIO.h">
      <Filter>Utils</Filter>
    </ClInclude>
    <ClInclude Include="Renderer\Containers\DefferedRenderTarget.h">
      <Filter>Renderer\Containers</Filter>
    </ClInclude>
    <ClInclude Include="Utils\MemoryManager.h">
      <Filter>Utils</Filter>
    </ClInclude>
    <ClInclude Include="Utils\ComponentObjectFactory.h">
      <Filter>Utils</Filter>
    </ClInclude>
    <ClInclude Include="Renderer\Containers\Material.h">
      <Filter>Renderer\RenderSet</Filter>
    </ClInclude>
    <ClInclude Include="Utils\Time.h">
      <Filter>Utils</Filter>
    </ClInclude>
    <ClInclude Include="Libraries\XMLParser\tinyxml2.h">
      <Filter>Utils</Filter>
    </ClInclude>
    <ClInclude Include="Renderer\Animation\AnimationManager.h">
      <Filter>Renderer\Animation</Filter>
    </ClInclude>
    <ClInclude Include="Renderer\Animation\FBXClasses.h">
      <Filter>Renderer\Animation</Filter>
    </ClInclude>
    <ClInclude Include="Renderer\Animation\Blender.h">
      <Filter>Renderer\Animation</Filter>
    </ClInclude>
    <ClInclude Include="Renderer\Animation\AnimationGraph.h">
      <Filter>Renderer\Animation</Filter>
    </ClInclude>
    <ClInclude Include="Engine Base\Settings\Settings.h">
      <Filter>Engine Base\Settings</Filter>
    </ClInclude>
  </ItemGroup>
  <ItemGroup>
    <FxCompile Include="Renderer\Shaders\POS_VS.hlsl">
      <Filter>Renderer\Shaders\VS</Filter>
    </FxCompile>
    <FxCompile Include="Renderer\Shaders\POSBONEWEIGHT_VS.hlsl">
      <Filter>Renderer\Shaders\VS</Filter>
    </FxCompile>
    <FxCompile Include="Renderer\Shaders\POSBONEWEIGHTNORMTANTEX_VS.hlsl">
      <Filter>Renderer\Shaders\VS</Filter>
    </FxCompile>
    <FxCompile Include="Renderer\Shaders\POSBONEWEIGHTNORMTEX_VS.hlsl">
      <Filter>Renderer\Shaders\VS</Filter>
    </FxCompile>
    <FxCompile Include="Renderer\Shaders\POSCOLOR_VS.hlsl">
      <Filter>Renderer\Shaders\VS</Filter>
    </FxCompile>
    <FxCompile Include="Renderer\Shaders\POSNORMTANTEX_VS.hlsl">
      <Filter>Renderer\Shaders\VS</Filter>
    </FxCompile>
    <FxCompile Include="Renderer\Shaders\POSNORMTEX_VS.hlsl">
      <Filter>Renderer\Shaders\VS</Filter>
    </FxCompile>
    <FxCompile Include="Renderer\Shaders\POSTEX_VS.hlsl">
      <Filter>Renderer\Shaders\VS</Filter>
    </FxCompile>
    <FxCompile Include="Renderer\Shaders\Default_PS.hlsl">
      <Filter>Renderer\Shaders\PS</Filter>
    </FxCompile>
    <FxCompile Include="Renderer\Shaders\GBuffer_PS.hlsl">
      <Filter>Renderer\Shaders\PS</Filter>
    </FxCompile>
  </ItemGroup>
  <ItemGroup>
    <None Include="Renderer\Shaders\VertexLayouts.hlsli">
      <Filter>Renderer\Shaders\VS</Filter>
    </None>
  </ItemGroup>
  <ItemGroup>
    <Text Include="Engine Base\Settings\config.txt">
      <Filter>Engine Base\Scene</Filter>
    </Text>
  </ItemGroup>
</Project>