<?xml version="1.0" encoding="utf-8"?>
<Project ToolsVersion="4.0" xmlns="http://schemas.microsoft.com/developer/msbuild/2003">
  <ItemGroup>
    <ClCompile Include="ComponentPanel.cpp">
      <Filter>Component</Filter>
    </ClCompile>
    <ClCompile Include="MyForm.cpp">
      <Filter>MyForm</Filter>
    </ClCompile>
    <ClCompile Include="GameWindow.cpp" />
  </ItemGroup>
  <ItemGroup>
    <ClInclude Include="MyForm.h" />
    <ClInclude Include="ComponentPanel.h" />
    <ClInclude Include="GameWindow.h" />
  </ItemGroup>
  <ItemGroup>
    <EmbeddedResource Include="MyForm.resx" />
  </ItemGroup>
  <ItemGroup>
    <Filter Include="Component">
      <UniqueIdentifier>{297fbfdb-2e18-4973-9895-6b0537aaa63c}</UniqueIdentifier>
    </Filter>
    <Filter Include="MyForm">
      <UniqueIdentifier>{2c13380e-794b-4f6d-b043-d5cc7c556371}</UniqueIdentifier>
    </Filter>
  </ItemGroup>
</Project>