<?xml version="1.0" encoding="utf-8"?>
<Project ToolsVersion="4.0" xmlns="http://schemas.microsoft.com/developer/msbuild/2003">
  <ItemGroup>
    <Filter Include="Shaders">
      <UniqueIdentifier>{b4148b04-c2ec-4256-bb7a-8dd7adad73ed}</UniqueIdentifier>
    </Filter>
    <Filter Include="Shaders\VS">
      <UniqueIdentifier>{16b7b40c-c937-46a9-b470-49e8bd7306ec}</UniqueIdentifier>
    </Filter>
    <Filter Include="Shaders\PS">
      <UniqueIdentifier>{23b5128b-3988-4da1-889d-a28c0bb82905}</UniqueIdentifier>
    </Filter>
  </ItemGroup>
  <ItemGroup>
    <ClCompile Include="Source\Renderer.cpp" />
  </ItemGroup>
  <ItemGroup>
    <ClInclude Include="Source\Renderer.h" />
  </ItemGroup>
  <ItemGroup>
    <FxCompile Include="Source\Shaders\Skybox_PS.hlsl">
      <Filter>Shaders\PS</Filter>
    </FxCompile>
    <FxCompile Include="Source\Shaders\Skybox_VS.hlsl">
      <Filter>Shaders\VS</Filter>
    </FxCompile>
    <FxCompile Include="Source\Shaders\POSTEX_VS.hlsl">
      <Filter>Shaders\VS</Filter>
    </FxCompile>
    <FxCompile Include="Source\Shaders\POS_VS.hlsl">
      <Filter>Shaders\VS</Filter>
    </FxCompile>
    <FxCompile Include="Source\Shaders\POSBONEWEIGHT_VS.hlsl">
      <Filter>Shaders\VS</Filter>
    </FxCompile>
    <FxCompile Include="Source\Shaders\POSBONEWEIGHTNORMTANTEX_VS.hlsl">
      <Filter>Shaders\VS</Filter>
    </FxCompile>
    <FxCompile Include="Source\Shaders\POSBONEWEIGHTNORMTEX_VS.hlsl">
      <Filter>Shaders\VS</Filter>
    </FxCompile>
    <FxCompile Include="Source\Shaders\POSCOLOR_VS.hlsl">
      <Filter>Shaders\VS</Filter>
    </FxCompile>
    <FxCompile Include="Source\Shaders\POSNORMTANTEX_VS.hlsl">
      <Filter>Shaders\VS</Filter>
    </FxCompile>
    <FxCompile Include="Source\Shaders\POSNORMTEX_VS.hlsl">
      <Filter>Shaders\VS</Filter>
    </FxCompile>
    <FxCompile Include="Source\Shaders\POSBONEWEIGHTNORMTANTEXCOLOR_VS.hlsl">
      <Filter>Shaders\VS</Filter>
    </FxCompile>
    <FxCompile Include="Source\Shaders\POSBONEWEIGHTCOLOR_VS.hlsl">
      <Filter>Shaders\VS</Filter>
    </FxCompile>
    <FxCompile Include="Source\Shaders\POSBONEWEIGHTNORMTEXCOLOR_VS.hlsl">
      <Filter>Shaders\VS</Filter>
    </FxCompile>
    <FxCompile Include="Source\Shaders\POSNORMTANTEXCOLOR_VS.hlsl">
      <Filter>Shaders\VS</Filter>
    </FxCompile>
    <FxCompile Include="Source\Shaders\POSNORMTEXCOLOR_VS.hlsl">
      <Filter>Shaders\VS</Filter>
    </FxCompile>
    <FxCompile Include="Source\Shaders\POSTEXCOLOR_VS.hlsl">
      <Filter>Shaders\VS</Filter>
    </FxCompile>
    <FxCompile Include="Source\Shaders\ColorGBufferBump_PS.hlsl">
      <Filter>Shaders\PS</Filter>
    </FxCompile>
    <FxCompile Include="Source\Shaders\GBuffer_PS.hlsl">
      <Filter>Shaders\PS</Filter>
    </FxCompile>
    <FxCompile Include="Source\Shaders\TextureGBufferBump_PS.hlsl">
      <Filter>Shaders\PS</Filter>
    </FxCompile>
    <FxCompile Include="Source\Shaders\SkyboxColor_PS.hlsl">
      <Filter>Shaders\PS</Filter>
    </FxCompile>
    <FxCompile Include="Source\Shaders\SkyboxColor_VS.hlsl">
      <Filter>Shaders\VS</Filter>
    </FxCompile>
  </ItemGroup>
  <ItemGroup>
    <None Include="Source\Shaders\VertexLayouts.hlsli">
      <Filter>Shaders\VS</Filter>
    </None>
  </ItemGroup>
</Project>