
Microsoft Visual Studio Solution File, Format Version 12.00
# Visual Studio 15
VisualStudioVersion = 15.0.26430.16
MinimumVisualStudioVersion = 10.0.40219.1
Project("{8BC9CEB8-8B4A-11D0-8D11-00A0C91BC942}") = "MonkeyEngine", "MonkeyEngine\MonkeyEngine.vcxproj", "{1BAFC61D-3EFA-46F5-B9E4-39C5F20C6B04}"
EndProject
Project("{FAE04EC0-301F-11D3-BF4B-00C04F79EFBC}") = "Editor", "Editor\Editor.csproj", "{31DF9B7C-BECA-48F4-99A7-F37487AA181F}"
EndProject
Global
	GlobalSection(SolutionConfigurationPlatforms) = preSolution
		Debug|Any CPU = Debug|Any CPU
		Debug|x64 = Debug|x64
		Debug|x86 = Debug|x86
		Release|Any CPU = Release|Any CPU
		Release|x64 = Release|x64
		Release|x86 = Release|x86
	EndGlobalSection
	GlobalSection(ProjectConfigurationPlatforms) = postSolution
		{1BAFC61D-3EFA-46F5-B9E4-39C5F20C6B04}.Debug|Any CPU.ActiveCfg = Debug|Win32
		{1BAFC61D-3EFA-46F5-B9E4-39C5F20C6B04}.Debug|x64.ActiveCfg = Debug|x64
		{1BAFC61D-3EFA-46F5-B9E4-39C5F20C6B04}.Debug|x64.Build.0 = Debug|x64
		{1BAFC61D-3EFA-46F5-B9E4-39C5F20C6B04}.Debug|x86.ActiveCfg = Debug|Win32
		{1BAFC61D-3EFA-46F5-B9E4-39C5F20C6B04}.Debug|x86.Build.0 = Debug|Win32
		{1BAFC61D-3EFA-46F5-B9E4-39C5F20C6B04}.Release|Any CPU.ActiveCfg = Release|Win32
		{1BAFC61D-3EFA-46F5-B9E4-39C5F20C6B04}.Release|x64.ActiveCfg = Release|x64
		{1BAFC61D-3EFA-46F5-B9E4-39C5F20C6B04}.Release|x64.Build.0 = Release|x64
		{1BAFC61D-3EFA-46F5-B9E4-39C5F20C6B04}.Release|x86.ActiveCfg = Release|Win32
		{1BAFC61D-3EFA-46F5-B9E4-39C5F20C6B04}.Release|x86.Build.0 = Release|Win32
		{31DF9B7C-BECA-48F4-99A7-F37487AA181F}.Debug|Any CPU.ActiveCfg = Debug|Any CPU
		{31DF9B7C-BECA-48F4-99A7-F37487AA181F}.Debug|Any CPU.Build.0 = Debug|Any CPU
		{31DF9B7C-BECA-48F4-99A7-F37487AA181F}.Debug|x64.ActiveCfg = Debug|Any CPU
		{31DF9B7C-BECA-48F4-99A7-F37487AA181F}.Debug|x64.Build.0 = Debug|Any CPU
		{31DF9B7C-BECA-48F4-99A7-F37487AA181F}.Debug|x86.ActiveCfg = Debug|Any CPU
		{31DF9B7C-BECA-48F4-99A7-F37487AA181F}.Debug|x86.Build.0 = Debug|Any CPU
		{31DF9B7C-BECA-48F4-99A7-F37487AA181F}.Release|Any CPU.ActiveCfg = Release|Any CPU
		{31DF9B7C-BECA-48F4-99A7-F37487AA181F}.Release|Any CPU.Build.0 = Release|Any CPU
		{31DF9B7C-BECA-48F4-99A7-F37487AA181F}.Release|x64.ActiveCfg = Release|Any CPU
		{31DF9B7C-BECA-48F4-99A7-F37487AA181F}.Release|x64.Build.0 = Release|Any CPU
		{31DF9B7C-BECA-48F4-99A7-F37487AA181F}.Release|x86.ActiveCfg = Release|Any CPU
		{31DF9B7C-BECA-48F4-99A7-F37487AA181F}.Release|x86.Build.0 = Release|Any CPU
	EndGlobalSection
	GlobalSection(SolutionProperties) = preSolution
		HideSolutionNode = FALSE
	EndGlobalSection
EndGlobal
